
Microsoft Visual Studio Solution File, Format Version 12.00
# Visual Studio Version 17
VisualStudioVersion = 17.7.34031.279
MinimumVisualStudioVersion = 10.0.40219.1
Project("{FAE04EC0-301F-11D3-BF4B-00C04F79EFBC}") = "EasyGifts", "EasyGifts.csproj", "{4BF05682-5D49-4FA8-A9C2-069DC6EDF2C6}"
EndProject
Global
	GlobalSection(SolutionConfigurationPlatforms) = preSolution
		Debug|Any CPU = Debug|Any CPU
		Release|Any CPU = Release|Any CPU
	EndGlobalSection
	GlobalSection(ProjectConfigurationPlatforms) = postSolution
		{4BF05682-5D49-4FA8-A9C2-069DC6EDF2C6}.Debug|Any CPU.ActiveCfg = Debug|Any CPU
		{4BF05682-5D49-4FA8-A9C2-069DC6EDF2C6}.Debug|Any CPU.Build.0 = Debug|Any CPU
		{4BF05682-5D49-4FA8-A9C2-069DC6EDF2C6}.Release|Any CPU.ActiveCfg = Release|Any CPU
		{4BF05682-5D49-4FA8-A9C2-069DC6EDF2C6}.Release|Any CPU.Build.0 = Release|Any CPU
	EndGlobalSection
	GlobalSection(SolutionProperties) = preSolution
		HideSolutionNode = FALSE
	EndGlobalSection
	GlobalSection(ExtensibilityGlobals) = postSolution
		SolutionGuid = {947BB5BA-BB2F-4D08-A3CD-8208B9A1AF26}
	EndGlobalSection
EndGlobal
